
Microsoft Visual Studio Solution File, Format Version 12.00
# Visual Studio Version 17
VisualStudioVersion = 17.5.33530.505
MinimumVisualStudioVersion = 10.0.40219.1
Project("{9A19103F-16F7-4668-BE54-9A1E7A4F7556}") = "ControlWin", "ControlWin.csproj", "{286B55FF-E2E1-4EC6-BA44-A084C8333E15}"
EndProject
Global
	GlobalSection(SolutionConfigurationPlatforms) = preSolution
		Debug|Any CPU = Debug|Any CPU
		Release|Any CPU = Release|Any CPU
	EndGlobalSection
	GlobalSection(ProjectConfigurationPlatforms) = postSolution
		{286B55FF-E2E1-4EC6-BA44-A084C8333E15}.Debug|Any CPU.ActiveCfg = Debug|Any CPU
		{286B55FF-E2E1-4EC6-BA44-A084C8333E15}.Debug|Any CPU.Build.0 = Debug|Any CPU
		{286B55FF-E2E1-4EC6-BA44-A084C8333E15}.Release|Any CPU.ActiveCfg = Release|Any CPU
		{286B55FF-E2E1-4EC6-BA44-A084C8333E15}.Release|Any CPU.Build.0 = Release|Any CPU
	EndGlobalSection
	GlobalSection(SolutionProperties) = preSolution
		HideSolutionNode = FALSE
	EndGlobalSection
	GlobalSection(ExtensibilityGlobals) = postSolution
		SolutionGuid = {2229A08B-D7CF-4EF5-B4D3-0E1242CD5939}
	EndGlobalSection
EndGlobal
